
Microsoft Visual Studio Solution File, Format Version 12.00
# Visual Studio Version 16
VisualStudioVersion = 16.0.30114.105
MinimumVisualStudioVersion = 10.0.40219.1
Project("{FAE04EC0-301F-11D3-BF4B-00C04F79EFBC}") = "API", "API\API.csproj", "{4BEC00FC-098D-40DB-AC30-9FFDF3F6E87B}"
EndProject
Project("{FAE04EC0-301F-11D3-BF4B-00C04F79EFBC}") = "Core", "Core\Core.csproj", "{470C178E-564D-4781-AB79-D437F774CF6D}"
EndProject
Project("{FAE04EC0-301F-11D3-BF4B-00C04F79EFBC}") = "Infrastructure", "Infrastructure\Infrastructure.csproj", "{6B628443-5B09-4079-A61F-C6415075F19A}"
EndProject
Global
	GlobalSection(SolutionConfigurationPlatforms) = preSolution
		Debug|Any CPU = Debug|Any CPU
		Debug|x64 = Debug|x64
		Debug|x86 = Debug|x86
		Release|Any CPU = Release|Any CPU
		Release|x64 = Release|x64
		Release|x86 = Release|x86
	EndGlobalSection
	GlobalSection(SolutionProperties) = preSolution
		HideSolutionNode = FALSE
	EndGlobalSection
	GlobalSection(ProjectConfigurationPlatforms) = postSolution
		{4BEC00FC-098D-40DB-AC30-9FFDF3F6E87B}.Debug|Any CPU.ActiveCfg = Debug|Any CPU
		{4BEC00FC-098D-40DB-AC30-9FFDF3F6E87B}.Debug|Any CPU.Build.0 = Debug|Any CPU
		{4BEC00FC-098D-40DB-AC30-9FFDF3F6E87B}.Debug|x64.ActiveCfg = Debug|Any CPU
		{4BEC00FC-098D-40DB-AC30-9FFDF3F6E87B}.Debug|x64.Build.0 = Debug|Any CPU
		{4BEC00FC-098D-40DB-AC30-9FFDF3F6E87B}.Debug|x86.ActiveCfg = Debug|Any CPU
		{4BEC00FC-098D-40DB-AC30-9FFDF3F6E87B}.Debug|x86.Build.0 = Debug|Any CPU
		{4BEC00FC-098D-40DB-AC30-9FFDF3F6E87B}.Release|Any CPU.ActiveCfg = Release|Any CPU
		{4BEC00FC-098D-40DB-AC30-9FFDF3F6E87B}.Release|Any CPU.Build.0 = Release|Any CPU
		{4BEC00FC-098D-40DB-AC30-9FFDF3F6E87B}.Release|x64.ActiveCfg = Release|Any CPU
		{4BEC00FC-098D-40DB-AC30-9FFDF3F6E87B}.Release|x64.Build.0 = Release|Any CPU
		{4BEC00FC-098D-40DB-AC30-9FFDF3F6E87B}.Release|x86.ActiveCfg = Release|Any CPU
		{4BEC00FC-098D-40DB-AC30-9FFDF3F6E87B}.Release|x86.Build.0 = Release|Any CPU
		{470C178E-564D-4781-AB79-D437F774CF6D}.Debug|Any CPU.ActiveCfg = Debug|Any CPU
		{470C178E-564D-4781-AB79-D437F774CF6D}.Debug|Any CPU.Build.0 = Debug|Any CPU
		{470C178E-564D-4781-AB79-D437F774CF6D}.Debug|x64.ActiveCfg = Debug|Any CPU
		{470C178E-564D-4781-AB79-D437F774CF6D}.Debug|x64.Build.0 = Debug|Any CPU
		{470C178E-564D-4781-AB79-D437F774CF6D}.Debug|x86.ActiveCfg = Debug|Any CPU
		{470C178E-564D-4781-AB79-D437F774CF6D}.Debug|x86.Build.0 = Debug|Any CPU
		{470C178E-564D-4781-AB79-D437F774CF6D}.Release|Any CPU.ActiveCfg = Release|Any CPU
		{470C178E-564D-4781-AB79-D437F774CF6D}.Release|Any CPU.Build.0 = Release|Any CPU
		{470C178E-564D-4781-AB79-D437F774CF6D}.Release|x64.ActiveCfg = Release|Any CPU
		{470C178E-564D-4781-AB79-D437F774CF6D}.Release|x64.Build.0 = Release|Any CPU
		{470C178E-564D-4781-AB79-D437F774CF6D}.Release|x86.ActiveCfg = Release|Any CPU
		{470C178E-564D-4781-AB79-D437F774CF6D}.Release|x86.Build.0 = Release|Any CPU
		{6B628443-5B09-4079-A61F-C6415075F19A}.Debug|Any CPU.ActiveCfg = Debug|Any CPU
		{6B628443-5B09-4079-A61F-C6415075F19A}.Debug|Any CPU.Build.0 = Debug|Any CPU
		{6B628443-5B09-4079-A61F-C6415075F19A}.Debug|x64.ActiveCfg = Debug|Any CPU
		{6B628443-5B09-4079-A61F-C6415075F19A}.Debug|x64.Build.0 = Debug|Any CPU
		{6B628443-5B09-4079-A61F-C6415075F19A}.Debug|x86.ActiveCfg = Debug|Any CPU
		{6B628443-5B09-4079-A61F-C6415075F19A}.Debug|x86.Build.0 = Debug|Any CPU
		{6B628443-5B09-4079-A61F-C6415075F19A}.Release|Any CPU.ActiveCfg = Release|Any CPU
		{6B628443-5B09-4079-A61F-C6415075F19A}.Release|Any CPU.Build.0 = Release|Any CPU
		{6B628443-5B09-4079-A61F-C6415075F19A}.Release|x64.ActiveCfg = Release|Any CPU
		{6B628443-5B09-4079-A61F-C6415075F19A}.Release|x64.Build.0 = Release|Any CPU
		{6B628443-5B09-4079-A61F-C6415075F19A}.Release|x86.ActiveCfg = Release|Any CPU
		{6B628443-5B09-4079-A61F-C6415075F19A}.Release|x86.Build.0 = Release|Any CPU
	EndGlobalSection
EndGlobal
